
Microsoft Visual Studio Solution File, Format Version 12.00
# Visual Studio Version 17
VisualStudioVersion = 17.5.002.0
MinimumVisualStudioVersion = 10.0.40219.1
Project("{9A19103F-16F7-4668-BE54-9A1E7A4F7556}") = "Alloy.MediaReport", "Alloy.MediaReport.csproj", "{0668A325-8534-4C51-8025-08641B939838}"
EndProject
Global
	GlobalSection(SolutionConfigurationPlatforms) = preSolution
		Debug|Any CPU = Debug|Any CPU
		Release|Any CPU = Release|Any CPU
	EndGlobalSection
	GlobalSection(ProjectConfigurationPlatforms) = postSolution
		{0668A325-8534-4C51-8025-08641B939838}.Debug|Any CPU.ActiveCfg = Debug|Any CPU
		{0668A325-8534-4C51-8025-08641B939838}.Debug|Any CPU.Build.0 = Debug|Any CPU
		{0668A325-8534-4C51-8025-08641B939838}.Release|Any CPU.ActiveCfg = Release|Any CPU
		{0668A325-8534-4C51-8025-08641B939838}.Release|Any CPU.Build.0 = Release|Any CPU
	EndGlobalSection
	GlobalSection(SolutionProperties) = preSolution
		HideSolutionNode = FALSE
	EndGlobalSection
	GlobalSection(ExtensibilityGlobals) = postSolution
		SolutionGuid = {DA19EE2A-785A-4FDB-882A-508FC85D173B}
	EndGlobalSection
EndGlobal
